// !$*UTF8*$!
{
	archiveVersion = 1;
	classes = {
	};
	objectVersion = 53;
	objects = {

/* Begin PBXBuildFile section */
		18EF3D3FB18D11648B493DE5 /* Pods_Ghosting_Connector.framework in Frameworks */ = {isa = PBXBuildFile; fileRef = E398A55B3A6E0FCB4ADC1480 /* Pods_Ghosting_Connector.framework */; };
		27003E3324A3A1FA0018CBC0 /* ChooseTimedWorkoutPatternViewController.swift in Sources */ = {isa = PBXBuildFile; fileRef = 27003E3224A3A1FA0018CBC0 /* ChooseTimedWorkoutPatternViewController.swift */; };
		2707C23924A46F72004D383C /* InitialEditGoalViewController.swift in Sources */ = {isa = PBXBuildFile; fileRef = 2707C23824A46F72004D383C /* InitialEditGoalViewController.swift */; };
		27196FE324A3B99900B9A8DC /* ChooseNumberWorkoutPatternViewController.swift in Sources */ = {isa = PBXBuildFile; fileRef = 27196FE224A3B99900B9A8DC /* ChooseNumberWorkoutPatternViewController.swift */; };
		27196FE524A3C47900B9A8DC /* DoNumberWorkoutViewController.swift in Sources */ = {isa = PBXBuildFile; fileRef = 27196FE424A3C47900B9A8DC /* DoNumberWorkoutViewController.swift */; };
		27196FE724A463EF00B9A8DC /* HomeEditGoalViewController.swift in Sources */ = {isa = PBXBuildFile; fileRef = 27196FE624A463EF00B9A8DC /* HomeEditGoalViewController.swift */; };
		272300D724A8324200DA0D49 /* DoneTimedWorkoutViewController.swift in Sources */ = {isa = PBXBuildFile; fileRef = 272300D624A8324200DA0D49 /* DoneTimedWorkoutViewController.swift */; };
		272300D924A8329700DA0D49 /* DoneNumberWorkoutViewController.swift in Sources */ = {isa = PBXBuildFile; fileRef = 272300D824A8329700DA0D49 /* DoneNumberWorkoutViewController.swift */; };
		27251F792498B29C0043D52C /* SettingsViewController.swift in Sources */ = {isa = PBXBuildFile; fileRef = 27251F782498B29C0043D52C /* SettingsViewController.swift */; };
		27251F7F2498C3740043D52C /* ChangeNameViewController.swift in Sources */ = {isa = PBXBuildFile; fileRef = 27251F7E2498C3740043D52C /* ChangeNameViewController.swift */; };
		27251F812498C7DC0043D52C /* BluetoothGuideViewController.swift in Sources */ = {isa = PBXBuildFile; fileRef = 27251F802498C7DC0043D52C /* BluetoothGuideViewController.swift */; };
		2726029424A9EE150071B03F /* HomeMainViewWorkoutsViewController.swift in Sources */ = {isa = PBXBuildFile; fileRef = 2726029324A9EE150071B03F /* HomeMainViewWorkoutsViewController.swift */; };
		2726029624A9FF4A0071B03F /* HomeMainViewWorkoutsTableViewController.swift in Sources */ = {isa = PBXBuildFile; fileRef = 2726029524A9FF4A0071B03F /* HomeMainViewWorkoutsTableViewController.swift */; };
		2726029824AA0A750071B03F /* HomeViewWorkoutViewController.swift in Sources */ = {isa = PBXBuildFile; fileRef = 2726029724AA0A750071B03F /* HomeViewWorkoutViewController.swift */; };
		2726029A24AB0F710071B03F /* ChangePreparationTimeViewController.swift in Sources */ = {isa = PBXBuildFile; fileRef = 2726029924AB0F710071B03F /* ChangePreparationTimeViewController.swift */; };
		272BBF8824937C3400529213 /* DoTimedWorkoutViewController.swift in Sources */ = {isa = PBXBuildFile; fileRef = 272BBF8724937C3400529213 /* DoTimedWorkoutViewController.swift */; };
		272BBF8A2495679200529213 /* UUIDKey.swift in Sources */ = {isa = PBXBuildFile; fileRef = 272BBF892495679100529213 /* UUIDKey.swift */; };
		2741C6AF2454BDC400EB4944 /* AppDelegate.swift in Sources */ = {isa = PBXBuildFile; fileRef = 2741C6AE2454BDC400EB4944 /* AppDelegate.swift */; };
		2741C6B12454BDC400EB4944 /* SceneDelegate.swift in Sources */ = {isa = PBXBuildFile; fileRef = 2741C6B02454BDC400EB4944 /* SceneDelegate.swift */; };
		2741C6B62454BDC400EB4944 /* Main.storyboard in Resources */ = {isa = PBXBuildFile; fileRef = 2741C6B42454BDC400EB4944 /* Main.storyboard */; };
		2741C6B92454BDC400EB4944 /* Ghosting_Connector.xcdatamodeld in Sources */ = {isa = PBXBuildFile; fileRef = 2741C6B72454BDC400EB4944 /* Ghosting_Connector.xcdatamodeld */; };
		2741C6BE2454BDC500EB4944 /* LaunchScreen.storyboard in Resources */ = {isa = PBXBuildFile; fileRef = 2741C6BC2454BDC500EB4944 /* LaunchScreen.storyboard */; };
		2764A19B24AD7F4500B5EF12 /* HomeViewGoalViewController.swift in Sources */ = {isa = PBXBuildFile; fileRef = 2764A19A24AD7F4500B5EF12 /* HomeViewGoalViewController.swift */; };
		2764A19D24ADB77500B5EF12 /* InitialViewGoalViewController.swift in Sources */ = {isa = PBXBuildFile; fileRef = 2764A19C24ADB77500B5EF12 /* InitialViewGoalViewController.swift */; };
		2764A19F24ADEF7100B5EF12 /* NumberWorkoutCheckPopupViewController.swift in Sources */ = {isa = PBXBuildFile; fileRef = 2764A19E24ADEF7100B5EF12 /* NumberWorkoutCheckPopupViewController.swift */; };
		2764A1A124AE011A00B5EF12 /* TimedWorkoutCheckPopUpViewController.swift in Sources */ = {isa = PBXBuildFile; fileRef = 2764A1A024AE011A00B5EF12 /* TimedWorkoutCheckPopUpViewController.swift */; };
		2768EB0F24997AD40076D0DB /* Assets.xcassets in Resources */ = {isa = PBXBuildFile; fileRef = 2741C6BA2454BDC500EB4944 /* Assets.xcassets */; };
		27901A4224B1B96700189846 /* WorkoutButtonsPageViewController.swift in Sources */ = {isa = PBXBuildFile; fileRef = 27901A4124B1B96700189846 /* WorkoutButtonsPageViewController.swift */; };
		27901A4424B1BD2C00189846 /* FirstButtonSetViewController.swift in Sources */ = {isa = PBXBuildFile; fileRef = 27901A4324B1BD2C00189846 /* FirstButtonSetViewController.swift */; };
		27901A4624B1CD9500189846 /* SecondButtonSetViewController.swift in Sources */ = {isa = PBXBuildFile; fileRef = 27901A4524B1CD9500189846 /* SecondButtonSetViewController.swift */; };
		27901A4B24B28FED00189846 /* BeepTestWorkoutDescriptionViewController.swift in Sources */ = {isa = PBXBuildFile; fileRef = 27901A4A24B28FED00189846 /* BeepTestWorkoutDescriptionViewController.swift */; };
		27901A4D24B29C5900189846 /* DoBeepTestWorkoutViewController.swift in Sources */ = {isa = PBXBuildFile; fileRef = 27901A4C24B29C5900189846 /* DoBeepTestWorkoutViewController.swift */; };
		27901A4F24B2E91A00189846 /* DoneBeepTestWorkoutViewController.swift in Sources */ = {isa = PBXBuildFile; fileRef = 27901A4E24B2E91A00189846 /* DoneBeepTestWorkoutViewController.swift */; };
		27901A5124B2E93D00189846 /* BeepTestWorkoutConnectionProgressViewController.swift in Sources */ = {isa = PBXBuildFile; fileRef = 27901A5024B2E93D00189846 /* BeepTestWorkoutConnectionProgressViewController.swift */; };
		27901A5324B2E95800189846 /* BeepTestWorkoutCheckPopupViewController.swift in Sources */ = {isa = PBXBuildFile; fileRef = 27901A5224B2E95800189846 /* BeepTestWorkoutCheckPopupViewController.swift */; };
		27901A5524B32A3100189846 /* HomeViewBeepTestWorkoutViewController.swift in Sources */ = {isa = PBXBuildFile; fileRef = 27901A5424B32A3100189846 /* HomeViewBeepTestWorkoutViewController.swift */; };
		27901A5D24B351B200189846 /* success.mp3 in Resources */ = {isa = PBXBuildFile; fileRef = 27901A5C24B351B100189846 /* success.mp3 */; };
		27901A6124B3631300189846 /* HomeChartPageViewController.swift in Sources */ = {isa = PBXBuildFile; fileRef = 27901A6024B3631300189846 /* HomeChartPageViewController.swift */; };
		27901A6324B3634400189846 /* HomeWorkoutsThisWeekViewController.swift in Sources */ = {isa = PBXBuildFile; fileRef = 27901A6224B3634400189846 /* HomeWorkoutsThisWeekViewController.swift */; };
		27901A6524B3635F00189846 /* BeepTestProgressChartViewController.swift in Sources */ = {isa = PBXBuildFile; fileRef = 27901A6424B3635F00189846 /* BeepTestProgressChartViewController.swift */; };
		27ABC82624AF147200042356 /* NumberWorkoutConnectionProgressViewController.swift in Sources */ = {isa = PBXBuildFile; fileRef = 27ABC82524AF147200042356 /* NumberWorkoutConnectionProgressViewController.swift */; };
		27B67EAA24B5990C0039E3FD /* WorkoutCompositionGraphViewController.swift in Sources */ = {isa = PBXBuildFile; fileRef = 27B67EA924B5990C0039E3FD /* WorkoutCompositionGraphViewController.swift */; };
		27BC2CD224AEEFF0007A0589 /* CircleProgressView.swift in Sources */ = {isa = PBXBuildFile; fileRef = 27BC2CD124AEEFF0007A0589 /* CircleProgressView.swift */; };
		27BC2CD424AEF149007A0589 /* TimedWorkoutConnectionProgressViewController.swift in Sources */ = {isa = PBXBuildFile; fileRef = 27BC2CD324AEF149007A0589 /* TimedWorkoutConnectionProgressViewController.swift */; };
		27D097D224903C830073C797 /* HomeMainViewGoalsTableViewController.swift in Sources */ = {isa = PBXBuildFile; fileRef = 27D097D124903C830073C797 /* HomeMainViewGoalsTableViewController.swift */; };
		27D097D4249043290073C797 /* HomeMainViewGoalsViewController.swift in Sources */ = {isa = PBXBuildFile; fileRef = 27D097D3249043290073C797 /* HomeMainViewGoalsViewController.swift */; };
		27D097D624909CDF0073C797 /* HomeAddGoalViewController.swift in Sources */ = {isa = PBXBuildFile; fileRef = 27D097D524909CDF0073C797 /* HomeAddGoalViewController.swift */; };
		27D097DA2490E57A0073C797 /* ChooseNumberWorkoutAttributesViewController.swift in Sources */ = {isa = PBXBuildFile; fileRef = 27D097D92490E57A0073C797 /* ChooseNumberWorkoutAttributesViewController.swift */; };
		27D097DC249181330073C797 /* ChooseTimedWorkoutAttributesViewController.swift in Sources */ = {isa = PBXBuildFile; fileRef = 27D097DB249181330073C797 /* ChooseTimedWorkoutAttributesViewController.swift */; };
		27D8E50824AB3125004F99A0 /* Front-Right.mp3 in Resources */ = {isa = PBXBuildFile; fileRef = 27D8E50224AB3123004F99A0 /* Front-Right.mp3 */; };
		27D8E50924AB3125004F99A0 /* Back-Right.mp3 in Resources */ = {isa = PBXBuildFile; fileRef = 27D8E50324AB3123004F99A0 /* Back-Right.mp3 */; };
		27D8E50A24AB3125004F99A0 /* Front-Left.mp3 in Resources */ = {isa = PBXBuildFile; fileRef = 27D8E50424AB3124004F99A0 /* Front-Left.mp3 */; };
		27D8E50B24AB3125004F99A0 /* Back-Left.mp3 in Resources */ = {isa = PBXBuildFile; fileRef = 27D8E50524AB3124004F99A0 /* Back-Left.mp3 */; };
		27D8E50C24AB3125004F99A0 /* Center-Right.mp3 in Resources */ = {isa = PBXBuildFile; fileRef = 27D8E50624AB3124004F99A0 /* Center-Right.mp3 */; };
		27D8E50D24AB3125004F99A0 /* Center-Left.mp3 in Resources */ = {isa = PBXBuildFile; fileRef = 27D8E50724AB3125004F99A0 /* Center-Left.mp3 */; };
		27D8E51724AB3144004F99A0 /* chime.mp3 in Resources */ = {isa = PBXBuildFile; fileRef = 27D8E51124AB3144004F99A0 /* chime.mp3 */; };
		27DCEFF3248EBD1300309DD4 /* LaunchViewController.swift in Sources */ = {isa = PBXBuildFile; fileRef = 27DCEFF2248EBD1300309DD4 /* LaunchViewController.swift */; };
		27DCEFF5248EC2F300309DD4 /* InitialPageViewController.swift in Sources */ = {isa = PBXBuildFile; fileRef = 27DCEFF4248EC2F300309DD4 /* InitialPageViewController.swift */; };
		27DCEFF7248ED44200309DD4 /* HomePageViewController.swift in Sources */ = {isa = PBXBuildFile; fileRef = 27DCEFF6248ED44200309DD4 /* HomePageViewController.swift */; };
		27DCEFF9248EE00700309DD4 /* InitialMainViewGoalsViewController.swift in Sources */ = {isa = PBXBuildFile; fileRef = 27DCEFF8248EE00700309DD4 /* InitialMainViewGoalsViewController.swift */; };
		27DCEFFB248EE7BF00309DD4 /* InitialMainViewGoalsTableViewController.swift in Sources */ = {isa = PBXBuildFile; fileRef = 27DCEFFA248EE7BF00309DD4 /* InitialMainViewGoalsTableViewController.swift */; };
		27DCEFFD248F57C300309DD4 /* InitialAddGoalViewController.swift in Sources */ = {isa = PBXBuildFile; fileRef = 27DCEFFC248F57C300309DD4 /* InitialAddGoalViewController.swift */; };
		E6E717F17957AA7EBED2D9F4 /* README.md in Sources */ = {isa = PBXBuildFile; fileRef = E6E7186A65C9B6B3CDDA5A2C /* README.md */; };
/* End PBXBuildFile section */

/* Begin PBXFileReference section */
		27003E3224A3A1FA0018CBC0 /* ChooseTimedWorkoutPatternViewController.swift */ = {isa = PBXFileReference; lastKnownFileType = sourcecode.swift; path = ChooseTimedWorkoutPatternViewController.swift; sourceTree = "<group>"; };
		2707C23824A46F72004D383C /* InitialEditGoalViewController.swift */ = {isa = PBXFileReference; lastKnownFileType = sourcecode.swift; path = InitialEditGoalViewController.swift; sourceTree = "<group>"; };
		27196FE224A3B99900B9A8DC /* ChooseNumberWorkoutPatternViewController.swift */ = {isa = PBXFileReference; lastKnownFileType = sourcecode.swift; path = ChooseNumberWorkoutPatternViewController.swift; sourceTree = "<group>"; };
		27196FE424A3C47900B9A8DC /* DoNumberWorkoutViewController.swift */ = {isa = PBXFileReference; lastKnownFileType = sourcecode.swift; path = DoNumberWorkoutViewController.swift; sourceTree = "<group>"; };
		27196FE624A463EF00B9A8DC /* HomeEditGoalViewController.swift */ = {isa = PBXFileReference; lastKnownFileType = sourcecode.swift; path = HomeEditGoalViewController.swift; sourceTree = "<group>"; };
		272300D624A8324200DA0D49 /* DoneTimedWorkoutViewController.swift */ = {isa = PBXFileReference; lastKnownFileType = sourcecode.swift; path = DoneTimedWorkoutViewController.swift; sourceTree = "<group>"; };
		272300D824A8329700DA0D49 /* DoneNumberWorkoutViewController.swift */ = {isa = PBXFileReference; lastKnownFileType = sourcecode.swift; path = DoneNumberWorkoutViewController.swift; sourceTree = "<group>"; };
		27251F782498B29C0043D52C /* SettingsViewController.swift */ = {isa = PBXFileReference; lastKnownFileType = sourcecode.swift; path = SettingsViewController.swift; sourceTree = "<group>"; };
		27251F7E2498C3740043D52C /* ChangeNameViewController.swift */ = {isa = PBXFileReference; lastKnownFileType = sourcecode.swift; path = ChangeNameViewController.swift; sourceTree = "<group>"; };
		27251F802498C7DC0043D52C /* BluetoothGuideViewController.swift */ = {isa = PBXFileReference; lastKnownFileType = sourcecode.swift; path = BluetoothGuideViewController.swift; sourceTree = "<group>"; };
		2726029324A9EE150071B03F /* HomeMainViewWorkoutsViewController.swift */ = {isa = PBXFileReference; lastKnownFileType = sourcecode.swift; path = HomeMainViewWorkoutsViewController.swift; sourceTree = "<group>"; };
		2726029524A9FF4A0071B03F /* HomeMainViewWorkoutsTableViewController.swift */ = {isa = PBXFileReference; lastKnownFileType = sourcecode.swift; path = HomeMainViewWorkoutsTableViewController.swift; sourceTree = "<group>"; };
		2726029724AA0A750071B03F /* HomeViewWorkoutViewController.swift */ = {isa = PBXFileReference; lastKnownFileType = sourcecode.swift; path = HomeViewWorkoutViewController.swift; sourceTree = "<group>"; };
		2726029924AB0F710071B03F /* ChangePreparationTimeViewController.swift */ = {isa = PBXFileReference; lastKnownFileType = sourcecode.swift; path = ChangePreparationTimeViewController.swift; sourceTree = "<group>"; };
		272BBF8724937C3400529213 /* DoTimedWorkoutViewController.swift */ = {isa = PBXFileReference; lastKnownFileType = sourcecode.swift; path = DoTimedWorkoutViewController.swift; sourceTree = "<group>"; };
		272BBF892495679100529213 /* UUIDKey.swift */ = {isa = PBXFileReference; lastKnownFileType = sourcecode.swift; path = UUIDKey.swift; sourceTree = "<group>"; };
		2741C6AB2454BDC400EB4944 /* Ghost Connect.app */ = {isa = PBXFileReference; explicitFileType = wrapper.application; includeInIndex = 0; path = "Ghost Connect.app"; sourceTree = BUILT_PRODUCTS_DIR; };
		2741C6AE2454BDC400EB4944 /* AppDelegate.swift */ = {isa = PBXFileReference; lastKnownFileType = sourcecode.swift; path = AppDelegate.swift; sourceTree = "<group>"; };
		2741C6B02454BDC400EB4944 /* SceneDelegate.swift */ = {isa = PBXFileReference; lastKnownFileType = sourcecode.swift; path = SceneDelegate.swift; sourceTree = "<group>"; };
		2741C6B52454BDC400EB4944 /* Base */ = {isa = PBXFileReference; lastKnownFileType = file.storyboard; name = Base; path = Base.lproj/Main.storyboard; sourceTree = "<group>"; };
		2741C6B82454BDC400EB4944 /* Ghosting_Connector.xcdatamodel */ = {isa = PBXFileReference; lastKnownFileType = wrapper.xcdatamodel; path = Ghosting_Connector.xcdatamodel; sourceTree = "<group>"; };
		2741C6BA2454BDC500EB4944 /* Assets.xcassets */ = {isa = PBXFileReference; lastKnownFileType = folder.assetcatalog; path = Assets.xcassets; sourceTree = "<group>"; };
		2741C6BD2454BDC500EB4944 /* Base */ = {isa = PBXFileReference; lastKnownFileType = file.storyboard; name = Base; path = Base.lproj/LaunchScreen.storyboard; sourceTree = "<group>"; };
		2741C6BF2454BDC500EB4944 /* Info.plist */ = {isa = PBXFileReference; lastKnownFileType = text.plist.xml; path = Info.plist; sourceTree = "<group>"; };
		2764A19A24AD7F4500B5EF12 /* HomeViewGoalViewController.swift */ = {isa = PBXFileReference; lastKnownFileType = sourcecode.swift; path = HomeViewGoalViewController.swift; sourceTree = "<group>"; };
		2764A19C24ADB77500B5EF12 /* InitialViewGoalViewController.swift */ = {isa = PBXFileReference; lastKnownFileType = sourcecode.swift; path = InitialViewGoalViewController.swift; sourceTree = "<group>"; };
		2764A19E24ADEF7100B5EF12 /* NumberWorkoutCheckPopupViewController.swift */ = {isa = PBXFileReference; lastKnownFileType = sourcecode.swift; path = NumberWorkoutCheckPopupViewController.swift; sourceTree = "<group>"; };
		2764A1A024AE011A00B5EF12 /* TimedWorkoutCheckPopUpViewController.swift */ = {isa = PBXFileReference; lastKnownFileType = sourcecode.swift; path = TimedWorkoutCheckPopUpViewController.swift; sourceTree = "<group>"; };
		27901A4124B1B96700189846 /* WorkoutButtonsPageViewController.swift */ = {isa = PBXFileReference; lastKnownFileType = sourcecode.swift; path = WorkoutButtonsPageViewController.swift; sourceTree = "<group>"; };
		27901A4324B1BD2C00189846 /* FirstButtonSetViewController.swift */ = {isa = PBXFileReference; lastKnownFileType = sourcecode.swift; path = FirstButtonSetViewController.swift; sourceTree = "<group>"; };
		27901A4524B1CD9500189846 /* SecondButtonSetViewController.swift */ = {isa = PBXFileReference; lastKnownFileType = sourcecode.swift; path = SecondButtonSetViewController.swift; sourceTree = "<group>"; };
		27901A4A24B28FED00189846 /* BeepTestWorkoutDescriptionViewController.swift */ = {isa = PBXFileReference; lastKnownFileType = sourcecode.swift; path = BeepTestWorkoutDescriptionViewController.swift; sourceTree = "<group>"; };
		27901A4C24B29C5900189846 /* DoBeepTestWorkoutViewController.swift */ = {isa = PBXFileReference; lastKnownFileType = sourcecode.swift; path = DoBeepTestWorkoutViewController.swift; sourceTree = "<group>"; };
		27901A4E24B2E91A00189846 /* DoneBeepTestWorkoutViewController.swift */ = {isa = PBXFileReference; lastKnownFileType = sourcecode.swift; path = DoneBeepTestWorkoutViewController.swift; sourceTree = "<group>"; };
		27901A5024B2E93D00189846 /* BeepTestWorkoutConnectionProgressViewController.swift */ = {isa = PBXFileReference; lastKnownFileType = sourcecode.swift; path = BeepTestWorkoutConnectionProgressViewController.swift; sourceTree = "<group>"; };
		27901A5224B2E95800189846 /* BeepTestWorkoutCheckPopupViewController.swift */ = {isa = PBXFileReference; lastKnownFileType = sourcecode.swift; path = BeepTestWorkoutCheckPopupViewController.swift; sourceTree = "<group>"; };
		27901A5424B32A3100189846 /* HomeViewBeepTestWorkoutViewController.swift */ = {isa = PBXFileReference; lastKnownFileType = sourcecode.swift; path = HomeViewBeepTestWorkoutViewController.swift; sourceTree = "<group>"; };
		27901A5C24B351B100189846 /* success.mp3 */ = {isa = PBXFileReference; lastKnownFileType = audio.mp3; path = success.mp3; sourceTree = "<group>"; };
		27901A6024B3631300189846 /* HomeChartPageViewController.swift */ = {isa = PBXFileReference; lastKnownFileType = sourcecode.swift; path = HomeChartPageViewController.swift; sourceTree = "<group>"; };
		27901A6224B3634400189846 /* HomeWorkoutsThisWeekViewController.swift */ = {isa = PBXFileReference; lastKnownFileType = sourcecode.swift; path = HomeWorkoutsThisWeekViewController.swift; sourceTree = "<group>"; };
		27901A6424B3635F00189846 /* BeepTestProgressChartViewController.swift */ = {isa = PBXFileReference; lastKnownFileType = sourcecode.swift; path = BeepTestProgressChartViewController.swift; sourceTree = "<group>"; };
		27ABC82524AF147200042356 /* NumberWorkoutConnectionProgressViewController.swift */ = {isa = PBXFileReference; lastKnownFileType = sourcecode.swift; path = NumberWorkoutConnectionProgressViewController.swift; sourceTree = "<group>"; };
		27B67EA924B5990C0039E3FD /* WorkoutCompositionGraphViewController.swift */ = {isa = PBXFileReference; lastKnownFileType = sourcecode.swift; path = WorkoutCompositionGraphViewController.swift; sourceTree = "<group>"; };
		27BC2CD124AEEFF0007A0589 /* CircleProgressView.swift */ = {isa = PBXFileReference; lastKnownFileType = sourcecode.swift; path = CircleProgressView.swift; sourceTree = "<group>"; };
		27BC2CD324AEF149007A0589 /* TimedWorkoutConnectionProgressViewController.swift */ = {isa = PBXFileReference; lastKnownFileType = sourcecode.swift; path = TimedWorkoutConnectionProgressViewController.swift; sourceTree = "<group>"; };
		27D097D124903C830073C797 /* HomeMainViewGoalsTableViewController.swift */ = {isa = PBXFileReference; lastKnownFileType = sourcecode.swift; path = HomeMainViewGoalsTableViewController.swift; sourceTree = "<group>"; };
		27D097D3249043290073C797 /* HomeMainViewGoalsViewController.swift */ = {isa = PBXFileReference; lastKnownFileType = sourcecode.swift; path = HomeMainViewGoalsViewController.swift; sourceTree = "<group>"; };
		27D097D524909CDF0073C797 /* HomeAddGoalViewController.swift */ = {isa = PBXFileReference; lastKnownFileType = sourcecode.swift; path = HomeAddGoalViewController.swift; sourceTree = "<group>"; };
		27D097D92490E57A0073C797 /* ChooseNumberWorkoutAttributesViewController.swift */ = {isa = PBXFileReference; lastKnownFileType = sourcecode.swift; path = ChooseNumberWorkoutAttributesViewController.swift; sourceTree = "<group>"; };
		27D097DB249181330073C797 /* ChooseTimedWorkoutAttributesViewController.swift */ = {isa = PBXFileReference; lastKnownFileType = sourcecode.swift; path = ChooseTimedWorkoutAttributesViewController.swift; sourceTree = "<group>"; };
		27D8E50224AB3123004F99A0 /* Front-Right.mp3 */ = {isa = PBXFileReference; lastKnownFileType = audio.mp3; path = "Front-Right.mp3"; sourceTree = "<group>"; };
		27D8E50324AB3123004F99A0 /* Back-Right.mp3 */ = {isa = PBXFileReference; lastKnownFileType = audio.mp3; path = "Back-Right.mp3"; sourceTree = "<group>"; };
		27D8E50424AB3124004F99A0 /* Front-Left.mp3 */ = {isa = PBXFileReference; lastKnownFileType = audio.mp3; path = "Front-Left.mp3"; sourceTree = "<group>"; };
		27D8E50524AB3124004F99A0 /* Back-Left.mp3 */ = {isa = PBXFileReference; lastKnownFileType = audio.mp3; path = "Back-Left.mp3"; sourceTree = "<group>"; };
		27D8E50624AB3124004F99A0 /* Center-Right.mp3 */ = {isa = PBXFileReference; lastKnownFileType = audio.mp3; path = "Center-Right.mp3"; sourceTree = "<group>"; };
		27D8E50724AB3125004F99A0 /* Center-Left.mp3 */ = {isa = PBXFileReference; lastKnownFileType = audio.mp3; path = "Center-Left.mp3"; sourceTree = "<group>"; };
		27D8E51124AB3144004F99A0 /* chime.mp3 */ = {isa = PBXFileReference; lastKnownFileType = audio.mp3; path = chime.mp3; sourceTree = "<group>"; };
		27DCEFF2248EBD1300309DD4 /* LaunchViewController.swift */ = {isa = PBXFileReference; lastKnownFileType = sourcecode.swift; path = LaunchViewController.swift; sourceTree = "<group>"; };
		27DCEFF4248EC2F300309DD4 /* InitialPageViewController.swift */ = {isa = PBXFileReference; lastKnownFileType = sourcecode.swift; path = InitialPageViewController.swift; sourceTree = "<group>"; };
		27DCEFF6248ED44200309DD4 /* HomePageViewController.swift */ = {isa = PBXFileReference; lastKnownFileType = sourcecode.swift; path = HomePageViewController.swift; sourceTree = "<group>"; };
		27DCEFF8248EE00700309DD4 /* InitialMainViewGoalsViewController.swift */ = {isa = PBXFileReference; lastKnownFileType = sourcecode.swift; path = InitialMainViewGoalsViewController.swift; sourceTree = "<group>"; };
		27DCEFFA248EE7BF00309DD4 /* InitialMainViewGoalsTableViewController.swift */ = {isa = PBXFileReference; lastKnownFileType = sourcecode.swift; path = InitialMainViewGoalsTableViewController.swift; sourceTree = "<group>"; usesTabs = 0; };
		27DCEFFC248F57C300309DD4 /* InitialAddGoalViewController.swift */ = {isa = PBXFileReference; lastKnownFileType = sourcecode.swift; path = InitialAddGoalViewController.swift; sourceTree = "<group>"; };
		65B98F777AFDF82317099712 /* Pods-Ghosting Connector.release.xcconfig */ = {isa = PBXFileReference; includeInIndex = 1; lastKnownFileType = text.xcconfig; name = "Pods-Ghosting Connector.release.xcconfig"; path = "Target Support Files/Pods-Ghosting Connector/Pods-Ghosting Connector.release.xcconfig"; sourceTree = "<group>"; };
		C3FBD43442BA88EAE78FB43E /* Pods-Ghosting Connector.debug.xcconfig */ = {isa = PBXFileReference; includeInIndex = 1; lastKnownFileType = text.xcconfig; name = "Pods-Ghosting Connector.debug.xcconfig"; path = "Target Support Files/Pods-Ghosting Connector/Pods-Ghosting Connector.debug.xcconfig"; sourceTree = "<group>"; };
		E398A55B3A6E0FCB4ADC1480 /* Pods_Ghosting_Connector.framework */ = {isa = PBXFileReference; explicitFileType = wrapper.framework; includeInIndex = 0; path = Pods_Ghosting_Connector.framework; sourceTree = BUILT_PRODUCTS_DIR; };
		E6E7186A65C9B6B3CDDA5A2C /* README.md */ = {isa = PBXFileReference; fileEncoding = 4; lastKnownFileType = net.daringfireball.markdown; path = README.md; sourceTree = "<group>"; };
/* End PBXFileReference section */

/* Begin PBXFrameworksBuildPhase section */
		2741C6A82454BDC400EB4944 /* Frameworks */ = {
			isa = PBXFrameworksBuildPhase;
			buildActionMask = 2147483647;
			files = (
				18EF3D3FB18D11648B493DE5 /* Pods_Ghosting_Connector.framework in Frameworks */,
			);
			runOnlyForDeploymentPostprocessing = 0;
		};
/* End PBXFrameworksBuildPhase section */

/* Begin PBXGroup section */
		272300DA24A844A000DA0D49 /* Sounds */ = {
			isa = PBXGroup;
			children = (
				27D8E51124AB3144004F99A0 /* chime.mp3 */,
				27901A5C24B351B100189846 /* success.mp3 */,
				27D8E50524AB3124004F99A0 /* Back-Left.mp3 */,
				27D8E50324AB3123004F99A0 /* Back-Right.mp3 */,
				27D8E50724AB3125004F99A0 /* Center-Left.mp3 */,
				27D8E50624AB3124004F99A0 /* Center-Right.mp3 */,
				27D8E50424AB3124004F99A0 /* Front-Left.mp3 */,
				27D8E50224AB3123004F99A0 /* Front-Right.mp3 */,
			);
			path = Sounds;
			sourceTree = "<group>";
		};
		2726029224A9ED8D0071B03F /* Home View Workouts */ = {
			isa = PBXGroup;
			children = (
				2726029324A9EE150071B03F /* HomeMainViewWorkoutsViewController.swift */,
				2726029724AA0A750071B03F /* HomeViewWorkoutViewController.swift */,
				27901A5424B32A3100189846 /* HomeViewBeepTestWorkoutViewController.swift */,
			);
			path = "Home View Workouts";
			sourceTree = "<group>";
		};
		2741C6A22454BDC400EB4944 = {
			isa = PBXGroup;
			children = (
				2741C6AD2454BDC400EB4944 /* Ghosting Connector */,
				2741C6AC2454BDC400EB4944 /* Products */,
				6A1011C760EC1DFB3E9EB70B /* Pods */,
				BDAB14C91FBBFC34B3797DCE /* Frameworks */,
				E6E7186A65C9B6B3CDDA5A2C /* README.md */,
			);
			sourceTree = "<group>";
		};
		2741C6AC2454BDC400EB4944 /* Products */ = {
			isa = PBXGroup;
			children = (
				2741C6AB2454BDC400EB4944 /* Ghost Connect.app */,
			);
			name = Products;
			sourceTree = "<group>";
		};
		2741C6AD2454BDC400EB4944 /* Ghosting Connector */ = {
			isa = PBXGroup;
			children = (
				272300DA24A844A000DA0D49 /* Sounds */,
				27DCEFF2248EBD1300309DD4 /* LaunchViewController.swift */,
				27BC2CD124AEEFF0007A0589 /* CircleProgressView.swift */,
				272BBF892495679100529213 /* UUIDKey.swift */,
				2741C6B42454BDC400EB4944 /* Main.storyboard */,
				27B0FCD124A63A0500BCAA2E /* Home */,
				27B0FCD024A639AB00BCAA2E /* Initial */,
				2741C6BC2454BDC500EB4944 /* LaunchScreen.storyboard */,
				2741C6BF2454BDC500EB4944 /* Info.plist */,
				2741C6B02454BDC400EB4944 /* SceneDelegate.swift */,
				2741C6AE2454BDC400EB4944 /* AppDelegate.swift */,
				2741C6BA2454BDC500EB4944 /* Assets.xcassets */,
				2741C6B72454BDC400EB4944 /* Ghosting_Connector.xcdatamodeld */,
				27B0FCCF24A6398200BCAA2E /* Unused Delegates */,
			);
			path = "Ghosting Connector";
			sourceTree = "<group>";
		};
		27901A4824B28F6900189846 /* Beep Test Workout */ = {
			isa = PBXGroup;
			children = (
				27901A4A24B28FED00189846 /* BeepTestWorkoutDescriptionViewController.swift */,
				27901A4C24B29C5900189846 /* DoBeepTestWorkoutViewController.swift */,
				27901A4E24B2E91A00189846 /* DoneBeepTestWorkoutViewController.swift */,
				27901A5024B2E93D00189846 /* BeepTestWorkoutConnectionProgressViewController.swift */,
				27901A5224B2E95800189846 /* BeepTestWorkoutCheckPopupViewController.swift */,
			);
			path = "Beep Test Workout";
			sourceTree = "<group>";
		};
		27901A4924B28FBB00189846 /* Workout Buttons */ = {
			isa = PBXGroup;
			children = (
				27901A4124B1B96700189846 /* WorkoutButtonsPageViewController.swift */,
				27901A4324B1BD2C00189846 /* FirstButtonSetViewController.swift */,
				27901A4524B1CD9500189846 /* SecondButtonSetViewController.swift */,
			);
			path = "Workout Buttons";
			sourceTree = "<group>";
		};
		27B0FCCA24A638AA00BCAA2E /* Initial View Goals */ = {
			isa = PBXGroup;
			children = (
				27DCEFFC248F57C300309DD4 /* InitialAddGoalViewController.swift */,
				2707C23824A46F72004D383C /* InitialEditGoalViewController.swift */,
				27DCEFF8248EE00700309DD4 /* InitialMainViewGoalsViewController.swift */,
				2764A19C24ADB77500B5EF12 /* InitialViewGoalViewController.swift */,
			);
			path = "Initial View Goals";
			sourceTree = "<group>";
		};
		27B0FCCB24A638C300BCAA2E /* Home View Goals */ = {
			isa = PBXGroup;
			children = (
				27D097D3249043290073C797 /* HomeMainViewGoalsViewController.swift */,
				27D097D524909CDF0073C797 /* HomeAddGoalViewController.swift */,
				27196FE624A463EF00B9A8DC /* HomeEditGoalViewController.swift */,
				2764A19A24AD7F4500B5EF12 /* HomeViewGoalViewController.swift */,
			);
			path = "Home View Goals";
			sourceTree = "<group>";
		};
		27B0FCCC24A638FB00BCAA2E /* Number Workout */ = {
			isa = PBXGroup;
			children = (
				27ABC82524AF147200042356 /* NumberWorkoutConnectionProgressViewController.swift */,
				27196FE424A3C47900B9A8DC /* DoNumberWorkoutViewController.swift */,
				27D097D92490E57A0073C797 /* ChooseNumberWorkoutAttributesViewController.swift */,
				27196FE224A3B99900B9A8DC /* ChooseNumberWorkoutPatternViewController.swift */,
				272300D824A8329700DA0D49 /* DoneNumberWorkoutViewController.swift */,
				2764A19E24ADEF7100B5EF12 /* NumberWorkoutCheckPopupViewController.swift */,
			);
			path = "Number Workout";
			sourceTree = "<group>";
		};
		27B0FCCD24A6391500BCAA2E /* Timed Workout */ = {
			isa = PBXGroup;
			children = (
				27BC2CD324AEF149007A0589 /* TimedWorkoutConnectionProgressViewController.swift */,
				272BBF8724937C3400529213 /* DoTimedWorkoutViewController.swift */,
				27D097DB249181330073C797 /* ChooseTimedWorkoutAttributesViewController.swift */,
				27003E3224A3A1FA0018CBC0 /* ChooseTimedWorkoutPatternViewController.swift */,
				272300D624A8324200DA0D49 /* DoneTimedWorkoutViewController.swift */,
				2764A1A024AE011A00B5EF12 /* TimedWorkoutCheckPopUpViewController.swift */,
			);
			path = "Timed Workout";
			sourceTree = "<group>";
		};
		27B0FCCE24A6397100BCAA2E /* Settings */ = {
			isa = PBXGroup;
			children = (
				27251F802498C7DC0043D52C /* BluetoothGuideViewController.swift */,
				27251F782498B29C0043D52C /* SettingsViewController.swift */,
				27251F7E2498C3740043D52C /* ChangeNameViewController.swift */,
				2726029924AB0F710071B03F /* ChangePreparationTimeViewController.swift */,
			);
			path = Settings;
			sourceTree = "<group>";
		};
		27B0FCCF24A6398200BCAA2E /* Unused Delegates */ = {
			isa = PBXGroup;
			children = (
				27DCEFFA248EE7BF00309DD4 /* InitialMainViewGoalsTableViewController.swift */,
				27D097D124903C830073C797 /* HomeMainViewGoalsTableViewController.swift */,
				2726029524A9FF4A0071B03F /* HomeMainViewWorkoutsTableViewController.swift */,
			);
			path = "Unused Delegates";
			sourceTree = "<group>";
		};
		27B0FCD024A639AB00BCAA2E /* Initial */ = {
			isa = PBXGroup;
			children = (
				27B0FCCA24A638AA00BCAA2E /* Initial View Goals */,
				27DCEFF4248EC2F300309DD4 /* InitialPageViewController.swift */,
			);
			path = Initial;
			sourceTree = "<group>";
		};
		27B0FCD124A63A0500BCAA2E /* Home */ = {
			isa = PBXGroup;
			children = (
				27C5CCCC24B44F790058E539 /* Graphs */,
				27901A4924B28FBB00189846 /* Workout Buttons */,
				27B0FCCE24A6397100BCAA2E /* Settings */,
				27B0FCCD24A6391500BCAA2E /* Timed Workout */,
				27B0FCCC24A638FB00BCAA2E /* Number Workout */,
				27901A4824B28F6900189846 /* Beep Test Workout */,
				2726029224A9ED8D0071B03F /* Home View Workouts */,
				27B0FCCB24A638C300BCAA2E /* Home View Goals */,
				27DCEFF6248ED44200309DD4 /* HomePageViewController.swift */,
			);
			path = Home;
			sourceTree = "<group>";
		};
		27C5CCCC24B44F790058E539 /* Graphs */ = {
			isa = PBXGroup;
			children = (
				27901A6024B3631300189846 /* HomeChartPageViewController.swift */,
				27901A6224B3634400189846 /* HomeWorkoutsThisWeekViewController.swift */,
				27901A6424B3635F00189846 /* BeepTestProgressChartViewController.swift */,
				27B67EA924B5990C0039E3FD /* WorkoutCompositionGraphViewController.swift */,
			);
			path = Graphs;
			sourceTree = "<group>";
		};
		6A1011C760EC1DFB3E9EB70B /* Pods */ = {
			isa = PBXGroup;
			children = (
				C3FBD43442BA88EAE78FB43E /* Pods-Ghosting Connector.debug.xcconfig */,
				65B98F777AFDF82317099712 /* Pods-Ghosting Connector.release.xcconfig */,
			);
			path = Pods;
			sourceTree = "<group>";
		};
		BDAB14C91FBBFC34B3797DCE /* Frameworks */ = {
			isa = PBXGroup;
			children = (
				E398A55B3A6E0FCB4ADC1480 /* Pods_Ghosting_Connector.framework */,
			);
			name = Frameworks;
			sourceTree = "<group>";
		};
/* End PBXGroup section */

/* Begin PBXNativeTarget section */
		2741C6AA2454BDC400EB4944 /* Ghosting Connector */ = {
			isa = PBXNativeTarget;
			buildConfigurationList = 2741C6C22454BDC500EB4944 /* Build configuration list for PBXNativeTarget "Ghosting Connector" */;
			buildPhases = (
				07F95DCE68ACE34DECA5F674 /* [CP] Check Pods Manifest.lock */,
				2741C6A72454BDC400EB4944 /* Sources */,
				2741C6A82454BDC400EB4944 /* Frameworks */,
				2741C6A92454BDC400EB4944 /* Resources */,
				CBF647FFDD0F125088AEC08B /* [CP] Embed Pods Frameworks */,
				272300DB24A8732800DA0D49 /* ShellScript */,
			);
			buildRules = (
			);
			dependencies = (
			);
			name = "Ghosting Connector";
			productName = "Ghosting Connector";
			productReference = 2741C6AB2454BDC400EB4944 /* Ghost Connect.app */;
			productType = "com.apple.product-type.application";
		};
/* End PBXNativeTarget section */

/* Begin PBXProject section */
		2741C6A32454BDC400EB4944 /* Project object */ = {
			isa = PBXProject;
			attributes = {
				LastSwiftUpdateCheck = 1140;
				LastUpgradeCheck = 1140;
				ORGANIZATIONNAME = "Squash Dev";
				TargetAttributes = {
					2741C6AA2454BDC400EB4944 = {
						CreatedOnToolsVersion = 11.4.1;
					};
				};
			};
			buildConfigurationList = 2741C6A62454BDC400EB4944 /* Build configuration list for PBXProject "Ghosting Connector" */;
			compatibilityVersion = "Xcode 11.4";
			developmentRegion = en;
			hasScannedForEncodings = 0;
			knownRegions = (
				en,
				Base,
			);
			mainGroup = 2741C6A22454BDC400EB4944;
			productRefGroup = 2741C6AC2454BDC400EB4944 /* Products */;
			projectDirPath = "";
			projectRoot = "";
			targets = (
				2741C6AA2454BDC400EB4944 /* Ghosting Connector */,
			);
		};
/* End PBXProject section */

/* Begin PBXResourcesBuildPhase section */
		2741C6A92454BDC400EB4944 /* Resources */ = {
			isa = PBXResourcesBuildPhase;
			buildActionMask = 2147483647;
			files = (
				2741C6BE2454BDC500EB4944 /* LaunchScreen.storyboard in Resources */,
				27D8E50924AB3125004F99A0 /* Back-Right.mp3 in Resources */,
				27D8E50C24AB3125004F99A0 /* Center-Right.mp3 in Resources */,
				27D8E50824AB3125004F99A0 /* Front-Right.mp3 in Resources */,
				27901A5D24B351B200189846 /* success.mp3 in Resources */,
				27D8E50B24AB3125004F99A0 /* Back-Left.mp3 in Resources */,
				2768EB0F24997AD40076D0DB /* Assets.xcassets in Resources */,
				2741C6B62454BDC400EB4944 /* Main.storyboard in Resources */,
				27D8E50A24AB3125004F99A0 /* Front-Left.mp3 in Resources */,
				27D8E50D24AB3125004F99A0 /* Center-Left.mp3 in Resources */,
				27D8E51724AB3144004F99A0 /* chime.mp3 in Resources */,
			);
			runOnlyForDeploymentPostprocessing = 0;
		};
/* End PBXResourcesBuildPhase section */

/* Begin PBXShellScriptBuildPhase section */
		07F95DCE68ACE34DECA5F674 /* [CP] Check Pods Manifest.lock */ = {
			isa = PBXShellScriptBuildPhase;
			buildActionMask = 2147483647;
			files = (
			);
			inputFileListPaths = (
			);
			inputPaths = (
				"${PODS_PODFILE_DIR_PATH}/Podfile.lock",
				"${PODS_ROOT}/Manifest.lock",
			);
			name = "[CP] Check Pods Manifest.lock";
			outputFileListPaths = (
			);
			outputPaths = (
				"$(DERIVED_FILE_DIR)/Pods-Ghosting Connector-checkManifestLockResult.txt",
			);
			runOnlyForDeploymentPostprocessing = 0;
			shellPath = /bin/sh;
			shellScript = "diff \"${PODS_PODFILE_DIR_PATH}/Podfile.lock\" \"${PODS_ROOT}/Manifest.lock\" > /dev/null\nif [ $? != 0 ] ; then\n    # print error to STDERR\n    echo \"error: The sandbox is not in sync with the Podfile.lock. Run 'pod install' or update your CocoaPods installation.\" >&2\n    exit 1\nfi\n# This output is used by Xcode 'outputs' to avoid re-running this script phase.\necho \"SUCCESS\" > \"${SCRIPT_OUTPUT_FILE_0}\"\n";
			showEnvVarsInLog = 0;
		};
		272300DB24A8732800DA0D49 /* ShellScript */ = {
			isa = PBXShellScriptBuildPhase;
			buildActionMask = 2147483647;
			files = (
			);
			inputFileListPaths = (
			);
			inputPaths = (
			);
			outputFileListPaths = (
			);
			outputPaths = (
			);
			runOnlyForDeploymentPostprocessing = 0;
			shellPath = /bin/sh;
			shellScript = "# Type a script or drag a script file from your workspace to insert its path.\nxattr -cr /Users/varunchitturi/Documents/Coding/Project_Development/Ghosting/Ghosting\\ Connector || echo \"codesign not adjusted\"\n";
		};
		CBF647FFDD0F125088AEC08B /* [CP] Embed Pods Frameworks */ = {
			isa = PBXShellScriptBuildPhase;
			buildActionMask = 2147483647;
			files = (
			);
			inputFileListPaths = (
				"${PODS_ROOT}/Target Support Files/Pods-Ghosting Connector/Pods-Ghosting Connector-frameworks-${CONFIGURATION}-input-files.xcfilelist",
			);
			name = "[CP] Embed Pods Frameworks";
			outputFileListPaths = (
				"${PODS_ROOT}/Target Support Files/Pods-Ghosting Connector/Pods-Ghosting Connector-frameworks-${CONFIGURATION}-output-files.xcfilelist",
			);
			runOnlyForDeploymentPostprocessing = 0;
			shellPath = /bin/sh;
			shellScript = "\"${PODS_ROOT}/Target Support Files/Pods-Ghosting Connector/Pods-Ghosting Connector-frameworks.sh\"\n";
			showEnvVarsInLog = 0;
		};
/* End PBXShellScriptBuildPhase section */

/* Begin PBXSourcesBuildPhase section */
		2741C6A72454BDC400EB4944 /* Sources */ = {
			isa = PBXSourcesBuildPhase;
			buildActionMask = 2147483647;
			files = (
				27196FE324A3B99900B9A8DC /* ChooseNumberWorkoutPatternViewController.swift in Sources */,
				27ABC82624AF147200042356 /* NumberWorkoutConnectionProgressViewController.swift in Sources */,
				27D097DC249181330073C797 /* ChooseTimedWorkoutAttributesViewController.swift in Sources */,
				27DCEFFB248EE7BF00309DD4 /* InitialMainViewGoalsTableViewController.swift in Sources */,
				27D097D4249043290073C797 /* HomeMainViewGoalsViewController.swift in Sources */,
				272300D924A8329700DA0D49 /* DoneNumberWorkoutViewController.swift in Sources */,
				27BC2CD424AEF149007A0589 /* TimedWorkoutConnectionProgressViewController.swift in Sources */,
				27196FE724A463EF00B9A8DC /* HomeEditGoalViewController.swift in Sources */,
				27901A4224B1B96700189846 /* WorkoutButtonsPageViewController.swift in Sources */,
				2726029A24AB0F710071B03F /* ChangePreparationTimeViewController.swift in Sources */,
				27901A6124B3631300189846 /* HomeChartPageViewController.swift in Sources */,
				2741C6B92454BDC400EB4944 /* Ghosting_Connector.xcdatamodeld in Sources */,
				27003E3324A3A1FA0018CBC0 /* ChooseTimedWorkoutPatternViewController.swift in Sources */,
				27DCEFFD248F57C300309DD4 /* InitialAddGoalViewController.swift in Sources */,
				27DCEFF5248EC2F300309DD4 /* InitialPageViewController.swift in Sources */,
				272BBF8824937C3400529213 /* DoTimedWorkoutViewController.swift in Sources */,
				27DCEFF9248EE00700309DD4 /* InitialMainViewGoalsViewController.swift in Sources */,
				2764A19F24ADEF7100B5EF12 /* NumberWorkoutCheckPopupViewController.swift in Sources */,
				272BBF8A2495679200529213 /* UUIDKey.swift in Sources */,
				2707C23924A46F72004D383C /* InitialEditGoalViewController.swift in Sources */,
				2726029824AA0A750071B03F /* HomeViewWorkoutViewController.swift in Sources */,
				27BC2CD224AEEFF0007A0589 /* CircleProgressView.swift in Sources */,
				27DCEFF7248ED44200309DD4 /* HomePageViewController.swift in Sources */,
				2764A19D24ADB77500B5EF12 /* InitialViewGoalViewController.swift in Sources */,
				27901A5524B32A3100189846 /* HomeViewBeepTestWorkoutViewController.swift in Sources */,
				27D097D224903C830073C797 /* HomeMainViewGoalsTableViewController.swift in Sources */,
				2726029624A9FF4A0071B03F /* HomeMainViewWorkoutsTableViewController.swift in Sources */,
				27D097DA2490E57A0073C797 /* ChooseNumberWorkoutAttributesViewController.swift in Sources */,
				27DCEFF3248EBD1300309DD4 /* LaunchViewController.swift in Sources */,
				27D097D624909CDF0073C797 /* HomeAddGoalViewController.swift in Sources */,
				27B67EAA24B5990C0039E3FD /* WorkoutCompositionGraphViewController.swift in Sources */,
				2764A1A124AE011A00B5EF12 /* TimedWorkoutCheckPopUpViewController.swift in Sources */,
				27901A4D24B29C5900189846 /* DoBeepTestWorkoutViewController.swift in Sources */,
				27901A5324B2E95800189846 /* BeepTestWorkoutCheckPopupViewController.swift in Sources */,
				27901A4B24B28FED00189846 /* BeepTestWorkoutDescriptionViewController.swift in Sources */,
				27901A6524B3635F00189846 /* BeepTestProgressChartViewController.swift in Sources */,
				2764A19B24AD7F4500B5EF12 /* HomeViewGoalViewController.swift in Sources */,
				27251F812498C7DC0043D52C /* BluetoothGuideViewController.swift in Sources */,
				2741C6AF2454BDC400EB4944 /* AppDelegate.swift in Sources */,
				27251F7F2498C3740043D52C /* ChangeNameViewController.swift in Sources */,
				27901A4624B1CD9500189846 /* SecondButtonSetViewController.swift in Sources */,
				272300D724A8324200DA0D49 /* DoneTimedWorkoutViewController.swift in Sources */,
				2726029424A9EE150071B03F /* HomeMainViewWorkoutsViewController.swift in Sources */,
				2741C6B12454BDC400EB4944 /* SceneDelegate.swift in Sources */,
				27901A4424B1BD2C00189846 /* FirstButtonSetViewController.swift in Sources */,
				27251F792498B29C0043D52C /* SettingsViewController.swift in Sources */,
				27901A5124B2E93D00189846 /* BeepTestWorkoutConnectionProgressViewController.swift in Sources */,
				27196FE524A3C47900B9A8DC /* DoNumberWorkoutViewController.swift in Sources */,
				27901A6324B3634400189846 /* HomeWorkoutsThisWeekViewController.swift in Sources */,
				27901A4F24B2E91A00189846 /* DoneBeepTestWorkoutViewController.swift in Sources */,
				E6E717F17957AA7EBED2D9F4 /* README.md in Sources */,
			);
			runOnlyForDeploymentPostprocessing = 0;
		};
/* End PBXSourcesBuildPhase section */

/* Begin PBXVariantGroup section */
		2741C6B42454BDC400EB4944 /* Main.storyboard */ = {
			isa = PBXVariantGroup;
			children = (
				2741C6B52454BDC400EB4944 /* Base */,
			);
			name = Main.storyboard;
			sourceTree = "<group>";
		};
		2741C6BC2454BDC500EB4944 /* LaunchScreen.storyboard */ = {
			isa = PBXVariantGroup;
			children = (
				2741C6BD2454BDC500EB4944 /* Base */,
			);
			name = LaunchScreen.storyboard;
			sourceTree = "<group>";
		};
/* End PBXVariantGroup section */

/* Begin XCBuildConfiguration section */
		2741C6C02454BDC500EB4944 /* Debug */ = {
			isa = XCBuildConfiguration;
			buildSettings = {
				ALWAYS_SEARCH_USER_PATHS = YES;
				CLANG_ANALYZER_NONNULL = YES;
				CLANG_ANALYZER_NUMBER_OBJECT_CONVERSION = YES_AGGRESSIVE;
				CLANG_CXX_LANGUAGE_STANDARD = "gnu++14";
				CLANG_CXX_LIBRARY = "libc++";
				CLANG_ENABLE_MODULES = YES;
				CLANG_ENABLE_OBJC_ARC = YES;
				CLANG_ENABLE_OBJC_WEAK = YES;
				CLANG_WARN_BLOCK_CAPTURE_AUTORELEASING = YES;
				CLANG_WARN_BOOL_CONVERSION = YES;
				CLANG_WARN_COMMA = YES;
				CLANG_WARN_CONSTANT_CONVERSION = YES;
				CLANG_WARN_DEPRECATED_OBJC_IMPLEMENTATIONS = YES;
				CLANG_WARN_DIRECT_OBJC_ISA_USAGE = YES_ERROR;
				CLANG_WARN_DOCUMENTATION_COMMENTS = YES;
				CLANG_WARN_EMPTY_BODY = YES;
				CLANG_WARN_ENUM_CONVERSION = YES;
				CLANG_WARN_INFINITE_RECURSION = YES;
				CLANG_WARN_INT_CONVERSION = YES;
				CLANG_WARN_NON_LITERAL_NULL_CONVERSION = YES;
				CLANG_WARN_OBJC_IMPLICIT_RETAIN_SELF = YES;
				CLANG_WARN_OBJC_LITERAL_CONVERSION = YES;
				CLANG_WARN_OBJC_ROOT_CLASS = YES_ERROR;
				CLANG_WARN_RANGE_LOOP_ANALYSIS = YES;
				CLANG_WARN_STRICT_PROTOTYPES = YES;
				CLANG_WARN_SUSPICIOUS_MOVE = YES;
				CLANG_WARN_UNGUARDED_AVAILABILITY = YES_AGGRESSIVE;
				CLANG_WARN_UNREACHABLE_CODE = YES;
				CLANG_WARN__DUPLICATE_METHOD_MATCH = YES;
				COPY_PHASE_STRIP = NO;
				DEBUG_INFORMATION_FORMAT = dwarf;
				ENABLE_STRICT_OBJC_MSGSEND = YES;
				ENABLE_TESTABILITY = YES;
				"FRAMEWORK_SEARCH_PATHS[arch=*]" = "$(inherited)";
				GCC_C_LANGUAGE_STANDARD = gnu11;
				GCC_DYNAMIC_NO_PIC = NO;
				GCC_NO_COMMON_BLOCKS = YES;
				GCC_OPTIMIZATION_LEVEL = 0;
				GCC_PREPROCESSOR_DEFINITIONS = (
					"DEBUG=1",
					"$(inherited)",
				);
				GCC_WARN_64_TO_32_BIT_CONVERSION = YES;
				GCC_WARN_ABOUT_RETURN_TYPE = YES_ERROR;
				GCC_WARN_UNDECLARED_SELECTOR = YES;
				GCC_WARN_UNINITIALIZED_AUTOS = YES_AGGRESSIVE;
				GCC_WARN_UNUSED_FUNCTION = YES;
				GCC_WARN_UNUSED_VARIABLE = YES;
				IPHONEOS_DEPLOYMENT_TARGET = 13.5;
				MTL_ENABLE_DEBUG_INFO = INCLUDE_SOURCE;
				MTL_FAST_MATH = YES;
				ONLY_ACTIVE_ARCH = YES;
				SDKROOT = iphoneos;
				SWIFT_ACTIVE_COMPILATION_CONDITIONS = DEBUG;
				SWIFT_OPTIMIZATION_LEVEL = "-Onone";
			};
			name = Debug;
		};
		2741C6C12454BDC500EB4944 /* Release */ = {
			isa = XCBuildConfiguration;
			buildSettings = {
				ALWAYS_SEARCH_USER_PATHS = YES;
				CLANG_ANALYZER_NONNULL = YES;
				CLANG_ANALYZER_NUMBER_OBJECT_CONVERSION = YES_AGGRESSIVE;
				CLANG_CXX_LANGUAGE_STANDARD = "gnu++14";
				CLANG_CXX_LIBRARY = "libc++";
				CLANG_ENABLE_MODULES = YES;
				CLANG_ENABLE_OBJC_ARC = YES;
				CLANG_ENABLE_OBJC_WEAK = YES;
				CLANG_WARN_BLOCK_CAPTURE_AUTORELEASING = YES;
				CLANG_WARN_BOOL_CONVERSION = YES;
				CLANG_WARN_COMMA = YES;
				CLANG_WARN_CONSTANT_CONVERSION = YES;
				CLANG_WARN_DEPRECATED_OBJC_IMPLEMENTATIONS = YES;
				CLANG_WARN_DIRECT_OBJC_ISA_USAGE = YES_ERROR;
				CLANG_WARN_DOCUMENTATION_COMMENTS = YES;
				CLANG_WARN_EMPTY_BODY = YES;
				CLANG_WARN_ENUM_CONVERSION = YES;
				CLANG_WARN_INFINITE_RECURSION = YES;
				CLANG_WARN_INT_CONVERSION = YES;
				CLANG_WARN_NON_LITERAL_NULL_CONVERSION = YES;
				CLANG_WARN_OBJC_IMPLICIT_RETAIN_SELF = YES;
				CLANG_WARN_OBJC_LITERAL_CONVERSION = YES;
				CLANG_WARN_OBJC_ROOT_CLASS = YES_ERROR;
				CLANG_WARN_RANGE_LOOP_ANALYSIS = YES;
				CLANG_WARN_STRICT_PROTOTYPES = YES;
				CLANG_WARN_SUSPICIOUS_MOVE = YES;
				CLANG_WARN_UNGUARDED_AVAILABILITY = YES_AGGRESSIVE;
				CLANG_WARN_UNREACHABLE_CODE = YES;
				CLANG_WARN__DUPLICATE_METHOD_MATCH = YES;
				COPY_PHASE_STRIP = NO;
				DEBUG_INFORMATION_FORMAT = "dwarf-with-dsym";
				ENABLE_NS_ASSERTIONS = NO;
				ENABLE_STRICT_OBJC_MSGSEND = YES;
				"FRAMEWORK_SEARCH_PATHS[arch=*]" = "$(inherited)";
				GCC_C_LANGUAGE_STANDARD = gnu11;
				GCC_NO_COMMON_BLOCKS = YES;
				GCC_WARN_64_TO_32_BIT_CONVERSION = YES;
				GCC_WARN_ABOUT_RETURN_TYPE = YES_ERROR;
				GCC_WARN_UNDECLARED_SELECTOR = YES;
				GCC_WARN_UNINITIALIZED_AUTOS = YES_AGGRESSIVE;
				GCC_WARN_UNUSED_FUNCTION = YES;
				GCC_WARN_UNUSED_VARIABLE = YES;
				IPHONEOS_DEPLOYMENT_TARGET = 13.5;
				MTL_ENABLE_DEBUG_INFO = NO;
				MTL_FAST_MATH = YES;
				SDKROOT = iphoneos;
				SWIFT_COMPILATION_MODE = wholemodule;
				SWIFT_OPTIMIZATION_LEVEL = "-O";
				VALIDATE_PRODUCT = YES;
			};
			name = Release;
		};
		2741C6C32454BDC500EB4944 /* Debug */ = {
			isa = XCBuildConfiguration;
			baseConfigurationReference = C3FBD43442BA88EAE78FB43E /* Pods-Ghosting Connector.debug.xcconfig */;
			buildSettings = {
				ASSETCATALOG_COMPILER_APPICON_NAME = AppIcon;
				CODE_SIGN_IDENTITY = "Apple Development";
				CODE_SIGN_STYLE = Automatic;
				DEVELOPMENT_TEAM = P3BD6D8HQC;
				FRAMEWORK_SEARCH_PATHS = (
					"\"${PODS_CONFIGURATION_BUILD_DIR}/CocoaAsyncSocket\"",
					"\"${PODS_CONFIGURATION_BUILD_DIR}/CocoaMQTT\"",
					"$(inherited)",
				);
				HEADER_SEARCH_PATHS = (
					"\"${PODS_CONFIGURATION_BUILD_DIR}/CocoaAsyncSocket/CocoaAsyncSocket.framework/Headers\"",
					"\"${PODS_CONFIGURATION_BUILD_DIR}/CocoaMQTT/CocoaMQTT.framework/Headers\"",
					"$(inherited)",
				);
				INFOPLIST_FILE = "Ghosting Connector/Info.plist";
				IPHONEOS_DEPLOYMENT_TARGET = 13.5;
				LD_RUNPATH_SEARCH_PATHS = (
					"@executable_path/Frameworks",
					"$(inherited)",
				);
				PRODUCT_BUNDLE_IDENTIFIER = "SqDev.Ghosting-Connector";
				PRODUCT_NAME = "Ghost Connect";
				PROVISIONING_PROFILE_SPECIFIER = "";
				SWIFT_VERSION = 5.0;
				TARGETED_DEVICE_FAMILY = 1;
			};
			name = Debug;
		};
		2741C6C42454BDC500EB4944 /* Release */ = {
			isa = XCBuildConfiguration;
			baseConfigurationReference = 65B98F777AFDF82317099712 /* Pods-Ghosting Connector.release.xcconfig */;
			buildSettings = {
				ASSETCATALOG_COMPILER_APPICON_NAME = AppIcon;
				CODE_SIGN_IDENTITY = "Apple Development";
				CODE_SIGN_STYLE = Automatic;
				DEVELOPMENT_TEAM = P3BD6D8HQC;
				FRAMEWORK_SEARCH_PATHS = (
					"\"${PODS_CONFIGURATION_BUILD_DIR}/CocoaAsyncSocket\"",
					"\"${PODS_CONFIGURATION_BUILD_DIR}/CocoaMQTT\"",
					"$(inherited)",
				);
				HEADER_SEARCH_PATHS = (
					"\"${PODS_CONFIGURATION_BUILD_DIR}/CocoaAsyncSocket/CocoaAsyncSocket.framework/Headers\"",
					"\"${PODS_CONFIGURATION_BUILD_DIR}/CocoaMQTT/CocoaMQTT.framework/Headers\"",
					"$(inherited)",
				);
				INFOPLIST_FILE = "Ghosting Connector/Info.plist";
				IPHONEOS_DEPLOYMENT_TARGET = 13.5;
				LD_RUNPATH_SEARCH_PATHS = (
					"@executable_path/Frameworks",
					"$(inherited)",
				);
				PRODUCT_BUNDLE_IDENTIFIER = "SqDev.Ghosting-Connector";
				PRODUCT_NAME = "Ghost Connect";
				PROVISIONING_PROFILE_SPECIFIER = "";
				SWIFT_VERSION = 5.0;
				TARGETED_DEVICE_FAMILY = 1;
			};
			name = Release;
		};
/* End XCBuildConfiguration section */

/* Begin XCConfigurationList section */
		2741C6A62454BDC400EB4944 /* Build configuration list for PBXProject "Ghosting Connector" */ = {
			isa = XCConfigurationList;
			buildConfigurations = (
				2741C6C02454BDC500EB4944 /* Debug */,
				2741C6C12454BDC500EB4944 /* Release */,
			);
			defaultConfigurationIsVisible = 0;
			defaultConfigurationName = Release;
		};
		2741C6C22454BDC500EB4944 /* Build configuration list for PBXNativeTarget "Ghosting Connector" */ = {
			isa = XCConfigurationList;
			buildConfigurations = (
				2741C6C32454BDC500EB4944 /* Debug */,
				2741C6C42454BDC500EB4944 /* Release */,
			);
			defaultConfigurationIsVisible = 0;
			defaultConfigurationName = Release;
		};
/* End XCConfigurationList section */

/* Begin XCVersionGroup section */
		2741C6B72454BDC400EB4944 /* Ghosting_Connector.xcdatamodeld */ = {
			isa = XCVersionGroup;
			children = (
				2741C6B82454BDC400EB4944 /* Ghosting_Connector.xcdatamodel */,
			);
			currentVersion = 2741C6B82454BDC400EB4944 /* Ghosting_Connector.xcdatamodel */;
			path = Ghosting_Connector.xcdatamodeld;
			sourceTree = "<group>";
			versionGroupType = wrapper.xcdatamodel;
		};
/* End XCVersionGroup section */
	};
	rootObject = 2741C6A32454BDC400EB4944 /* Project object */;
}
