// !$*UTF8*$!
{
	archiveVersion = 1;
	classes = {
	};
	objectVersion = 50;
	objects = {

/* Begin PBXBuildFile section */
		2741C6AF2454BDC400EB4944 /* AppDelegate.swift in Sources */ = {isa = PBXBuildFile; fileRef = 2741C6AE2454BDC400EB4944 /* AppDelegate.swift */; };
		2741C6B12454BDC400EB4944 /* SceneDelegate.swift in Sources */ = {isa = PBXBuildFile; fileRef = 2741C6B02454BDC400EB4944 /* SceneDelegate.swift */; };
		2741C6B32454BDC400EB4944 /* ViewController.swift in Sources */ = {isa = PBXBuildFile; fileRef = 2741C6B22454BDC400EB4944 /* ViewController.swift */; };
		2741C6B62454BDC400EB4944 /* Main.storyboard in Resources */ = {isa = PBXBuildFile; fileRef = 2741C6B42454BDC400EB4944 /* Main.storyboard */; };
		2741C6B92454BDC400EB4944 /* Ghosting_Connector.xcdatamodeld in Sources */ = {isa = PBXBuildFile; fileRef = 2741C6B72454BDC400EB4944 /* Ghosting_Connector.xcdatamodeld */; };
		2741C6BB2454BDC500EB4944 /* Assets.xcassets in Resources */ = {isa = PBXBuildFile; fileRef = 2741C6BA2454BDC500EB4944 /* Assets.xcassets */; };
		2741C6BE2454BDC500EB4944 /* LaunchScreen.storyboard in Resources */ = {isa = PBXBuildFile; fileRef = 2741C6BC2454BDC500EB4944 /* LaunchScreen.storyboard */; };
/* End PBXBuildFile section */

/* Begin PBXFileReference section */
		2741C6AB2454BDC400EB4944 /* Ghosting Connector.app */ = {isa = PBXFileReference; explicitFileType = wrapper.application; includeInIndex = 0; path = "Ghosting Connector.app"; sourceTree = BUILT_PRODUCTS_DIR; };
		2741C6AE2454BDC400EB4944 /* AppDelegate.swift */ = {isa = PBXFileReference; lastKnownFileType = sourcecode.swift; path = AppDelegate.swift; sourceTree = "<group>"; };
		2741C6B02454BDC400EB4944 /* SceneDelegate.swift */ = {isa = PBXFileReference; lastKnownFileType = sourcecode.swift; path = SceneDelegate.swift; sourceTree = "<group>"; };
		2741C6B22454BDC400EB4944 /* ViewController.swift */ = {isa = PBXFileReference; lastKnownFileType = sourcecode.swift; path = ViewController.swift; sourceTree = "<group>"; };
		2741C6B52454BDC400EB4944 /* Base */ = {isa = PBXFileReference; lastKnownFileType = file.storyboard; name = Base; path = Base.lproj/Main.storyboard; sourceTree = "<group>"; };
		2741C6B82454BDC400EB4944 /* Ghosting_Connector.xcdatamodel */ = {isa = PBXFileReference; lastKnownFileType = wrapper.xcdatamodel; path = Ghosting_Connector.xcdatamodel; sourceTree = "<group>"; };
		2741C6BA2454BDC500EB4944 /* Assets.xcassets */ = {isa = PBXFileReference; lastKnownFileType = folder.assetcatalog; path = Assets.xcassets; sourceTree = "<group>"; };
		2741C6BD2454BDC500EB4944 /* Base */ = {isa = PBXFileReference; lastKnownFileType = file.storyboard; name = Base; path = Base.lproj/LaunchScreen.storyboard; sourceTree = "<group>"; };
		2741C6BF2454BDC500EB4944 /* Info.plist */ = {isa = PBXFileReference; lastKnownFileType = text.plist.xml; path = Info.plist; sourceTree = "<group>"; };
/* End PBXFileReference section */

/* Begin PBXFrameworksBuildPhase section */
		2741C6A82454BDC400EB4944 /* Frameworks */ = {
			isa = PBXFrameworksBuildPhase;
			buildActionMask = 2147483647;
			files = (
			);
			runOnlyForDeploymentPostprocessing = 0;
		};
/* End PBXFrameworksBuildPhase section */

/* Begin PBXGroup section */
		2741C6A22454BDC400EB4944 = {
			isa = PBXGroup;
			children = (
				2741C6AD2454BDC400EB4944 /* Ghosting Connector */,
				2741C6AC2454BDC400EB4944 /* Products */,
			);
			sourceTree = "<group>";
		};
		2741C6AC2454BDC400EB4944 /* Products */ = {
			isa = PBXGroup;
			children = (
				2741C6AB2454BDC400EB4944 /* Ghosting Connector.app */,
			);
			name = Products;
			sourceTree = "<group>";
		};
		2741C6AD2454BDC400EB4944 /* Ghosting Connector */ = {
			isa = PBXGroup;
			children = (
				2741C6AE2454BDC400EB4944 /* AppDelegate.swift */,
				2741C6B02454BDC400EB4944 /* SceneDelegate.swift */,
				2741C6B22454BDC400EB4944 /* ViewController.swift */,
				2741C6B42454BDC400EB4944 /* Main.storyboard */,
				2741C6BA2454BDC500EB4944 /* Assets.xcassets */,
				2741C6BC2454BDC500EB4944 /* LaunchScreen.storyboard */,
				2741C6BF2454BDC500EB4944 /* Info.plist */,
				2741C6B72454BDC400EB4944 /* Ghosting_Connector.xcdatamodeld */,
			);
			path = "Ghosting Connector";
			sourceTree = "<group>";
		};
/* End PBXGroup section */

/* Begin PBXNativeTarget section */
		2741C6AA2454BDC400EB4944 /* Ghosting Connector */ = {
			isa = PBXNativeTarget;
			buildConfigurationList = 2741C6C22454BDC500EB4944 /* Build configuration list for PBXNativeTarget "Ghosting Connector" */;
			buildPhases = (
				2741C6A72454BDC400EB4944 /* Sources */,
				2741C6A82454BDC400EB4944 /* Frameworks */,
				2741C6A92454BDC400EB4944 /* Resources */,
			);
			buildRules = (
			);
			dependencies = (
			);
			name = "Ghosting Connector";
			productName = "Ghosting Connector";
			productReference = 2741C6AB2454BDC400EB4944 /* Ghosting Connector.app */;
			productType = "com.apple.product-type.application";
		};
/* End PBXNativeTarget section */

/* Begin PBXProject section */
		2741C6A32454BDC400EB4944 /* Project object */ = {
			isa = PBXProject;
			attributes = {
				LastSwiftUpdateCheck = 1140;
				LastUpgradeCheck = 1140;
				ORGANIZATIONNAME = "Squash Dev";
				TargetAttributes = {
					2741C6AA2454BDC400EB4944 = {
						CreatedOnToolsVersion = 11.4.1;
					};
				};
			};
			buildConfigurationList = 2741C6A62454BDC400EB4944 /* Build configuration list for PBXProject "Ghosting Connector" */;
			compatibilityVersion = "Xcode 9.3";
			developmentRegion = en;
			hasScannedForEncodings = 0;
			knownRegions = (
				en,
				Base,
			);
			mainGroup = 2741C6A22454BDC400EB4944;
			productRefGroup = 2741C6AC2454BDC400EB4944 /* Products */;
			projectDirPath = "";
			projectRoot = "";
			targets = (
				2741C6AA2454BDC400EB4944 /* Ghosting Connector */,
			);
		};
/* End PBXProject section */

/* Begin PBXResourcesBuildPhase section */
		2741C6A92454BDC400EB4944 /* Resources */ = {
			isa = PBXResourcesBuildPhase;
			buildActionMask = 2147483647;
			files = (
				2741C6BE2454BDC500EB4944 /* LaunchScreen.storyboard in Resources */,
				2741C6BB2454BDC500EB4944 /* Assets.xcassets in Resources */,
				2741C6B62454BDC400EB4944 /* Main.storyboard in Resources */,
			);
			runOnlyForDeploymentPostprocessing = 0;
		};
/* End PBXResourcesBuildPhase section */

/* Begin PBXSourcesBuildPhase section */
		2741C6A72454BDC400EB4944 /* Sources */ = {
			isa = PBXSourcesBuildPhase;
			buildActionMask = 2147483647;
			files = (
				2741C6B92454BDC400EB4944 /* Ghosting_Connector.xcdatamodeld in Sources */,
				2741C6B32454BDC400EB4944 /* ViewController.swift in Sources */,
				2741C6AF2454BDC400EB4944 /* AppDelegate.swift in Sources */,
				2741C6B12454BDC400EB4944 /* SceneDelegate.swift in Sources */,
			);
			runOnlyForDeploymentPostprocessing = 0;
		};
/* End PBXSourcesBuildPhase section */

/* Begin PBXVariantGroup section */
		2741C6B42454BDC400EB4944 /* Main.storyboard */ = {
			isa = PBXVariantGroup;
			children = (
				2741C6B52454BDC400EB4944 /* Base */,
			);
			name = Main.storyboard;
			sourceTree = "<group>";
		};
		2741C6BC2454BDC500EB4944 /* LaunchScreen.storyboard */ = {
			isa = PBXVariantGroup;
			children = (
				2741C6BD2454BDC500EB4944 /* Base */,
			);
			name = LaunchScreen.storyboard;
			sourceTree = "<group>";
		};
/* End PBXVariantGroup section */

/* Begin XCBuildConfiguration section */
		2741C6C02454BDC500EB4944 /* Debug */ = {
			isa = XCBuildConfiguration;
			buildSettings = {
				ALWAYS_SEARCH_USER_PATHS = NO;
				CLANG_ANALYZER_NONNULL = YES;
				CLANG_ANALYZER_NUMBER_OBJECT_CONVERSION = YES_AGGRESSIVE;
				CLANG_CXX_LANGUAGE_STANDARD = "gnu++14";
				CLANG_CXX_LIBRARY = "libc++";
				CLANG_ENABLE_MODULES = YES;
				CLANG_ENABLE_OBJC_ARC = YES;
				CLANG_ENABLE_OBJC_WEAK = YES;
				CLANG_WARN_BLOCK_CAPTURE_AUTORELEASING = YES;
				CLANG_WARN_BOOL_CONVERSION = YES;
				CLANG_WARN_COMMA = YES;
				CLANG_WARN_CONSTANT_CONVERSION = YES;
				CLANG_WARN_DEPRECATED_OBJC_IMPLEMENTATIONS = YES;
				CLANG_WARN_DIRECT_OBJC_ISA_USAGE = YES_ERROR;
				CLANG_WARN_DOCUMENTATION_COMMENTS = YES;
				CLANG_WARN_EMPTY_BODY = YES;
				CLANG_WARN_ENUM_CONVERSION = YES;
				CLANG_WARN_INFINITE_RECURSION = YES;
				CLANG_WARN_INT_CONVERSION = YES;
				CLANG_WARN_NON_LITERAL_NULL_CONVERSION = YES;
				CLANG_WARN_OBJC_IMPLICIT_RETAIN_SELF = YES;
				CLANG_WARN_OBJC_LITERAL_CONVERSION = YES;
				CLANG_WARN_OBJC_ROOT_CLASS = YES_ERROR;
				CLANG_WARN_RANGE_LOOP_ANALYSIS = YES;
				CLANG_WARN_STRICT_PROTOTYPES = YES;
				CLANG_WARN_SUSPICIOUS_MOVE = YES;
				CLANG_WARN_UNGUARDED_AVAILABILITY = YES_AGGRESSIVE;
				CLANG_WARN_UNREACHABLE_CODE = YES;
				CLANG_WARN__DUPLICATE_METHOD_MATCH = YES;
				COPY_PHASE_STRIP = NO;
				DEBUG_INFORMATION_FORMAT = dwarf;
				ENABLE_STRICT_OBJC_MSGSEND = YES;
				ENABLE_TESTABILITY = YES;
				GCC_C_LANGUAGE_STANDARD = gnu11;
				GCC_DYNAMIC_NO_PIC = NO;
				GCC_NO_COMMON_BLOCKS = YES;
				GCC_OPTIMIZATION_LEVEL = 0;
				GCC_PREPROCESSOR_DEFINITIONS = (
					"DEBUG=1",
					"$(inherited)",
				);
				GCC_WARN_64_TO_32_BIT_CONVERSION = YES;
				GCC_WARN_ABOUT_RETURN_TYPE = YES_ERROR;
				GCC_WARN_UNDECLARED_SELECTOR = YES;
				GCC_WARN_UNINITIALIZED_AUTOS = YES_AGGRESSIVE;
				GCC_WARN_UNUSED_FUNCTION = YES;
				GCC_WARN_UNUSED_VARIABLE = YES;
				IPHONEOS_DEPLOYMENT_TARGET = 13.4;
				MTL_ENABLE_DEBUG_INFO = INCLUDE_SOURCE;
				MTL_FAST_MATH = YES;
				ONLY_ACTIVE_ARCH = YES;
				SDKROOT = iphoneos;
				SWIFT_ACTIVE_COMPILATION_CONDITIONS = DEBUG;
				SWIFT_OPTIMIZATION_LEVEL = "-Onone";
			};
			name = Debug;
		};
		2741C6C12454BDC500EB4944 /* Release */ = {
			isa = XCBuildConfiguration;
			buildSettings = {
				ALWAYS_SEARCH_USER_PATHS = NO;
				CLANG_ANALYZER_NONNULL = YES;
				CLANG_ANALYZER_NUMBER_OBJECT_CONVERSION = YES_AGGRESSIVE;
				CLANG_CXX_LANGUAGE_STANDARD = "gnu++14";
				CLANG_CXX_LIBRARY = "libc++";
				CLANG_ENABLE_MODULES = YES;
				CLANG_ENABLE_OBJC_ARC = YES;
				CLANG_ENABLE_OBJC_WEAK = YES;
				CLANG_WARN_BLOCK_CAPTURE_AUTORELEASING = YES;
				CLANG_WARN_BOOL_CONVERSION = YES;
				CLANG_WARN_COMMA = YES;
				CLANG_WARN_CONSTANT_CONVERSION = YES;
				CLANG_WARN_DEPRECATED_OBJC_IMPLEMENTATIONS = YES;
				CLANG_WARN_DIRECT_OBJC_ISA_USAGE = YES_ERROR;
				CLANG_WARN_DOCUMENTATION_COMMENTS = YES;
				CLANG_WARN_EMPTY_BODY = YES;
				CLANG_WARN_ENUM_CONVERSION = YES;
				CLANG_WARN_INFINITE_RECURSION = YES;
				CLANG_WARN_INT_CONVERSION = YES;
				CLANG_WARN_NON_LITERAL_NULL_CONVERSION = YES;
				CLANG_WARN_OBJC_IMPLICIT_RETAIN_SELF = YES;
				CLANG_WARN_OBJC_LITERAL_CONVERSION = YES;
				CLANG_WARN_OBJC_ROOT_CLASS = YES_ERROR;
				CLANG_WARN_RANGE_LOOP_ANALYSIS = YES;
				CLANG_WARN_STRICT_PROTOTYPES = YES;
				CLANG_WARN_SUSPICIOUS_MOVE = YES;
				CLANG_WARN_UNGUARDED_AVAILABILITY = YES_AGGRESSIVE;
				CLANG_WARN_UNREACHABLE_CODE = YES;
				CLANG_WARN__DUPLICATE_METHOD_MATCH = YES;
				COPY_PHASE_STRIP = NO;
				DEBUG_INFORMATION_FORMAT = "dwarf-with-dsym";
				ENABLE_NS_ASSERTIONS = NO;
				ENABLE_STRICT_OBJC_MSGSEND = YES;
				GCC_C_LANGUAGE_STANDARD = gnu11;
				GCC_NO_COMMON_BLOCKS = YES;
				GCC_WARN_64_TO_32_BIT_CONVERSION = YES;
				GCC_WARN_ABOUT_RETURN_TYPE = YES_ERROR;
				GCC_WARN_UNDECLARED_SELECTOR = YES;
				GCC_WARN_UNINITIALIZED_AUTOS = YES_AGGRESSIVE;
				GCC_WARN_UNUSED_FUNCTION = YES;
				GCC_WARN_UNUSED_VARIABLE = YES;
				IPHONEOS_DEPLOYMENT_TARGET = 13.4;
				MTL_ENABLE_DEBUG_INFO = NO;
				MTL_FAST_MATH = YES;
				SDKROOT = iphoneos;
				SWIFT_COMPILATION_MODE = wholemodule;
				SWIFT_OPTIMIZATION_LEVEL = "-O";
				VALIDATE_PRODUCT = YES;
			};
			name = Release;
		};
		2741C6C32454BDC500EB4944 /* Debug */ = {
			isa = XCBuildConfiguration;
			buildSettings = {
				ASSETCATALOG_COMPILER_APPICON_NAME = AppIcon;
				CODE_SIGN_STYLE = Automatic;
				DEVELOPMENT_TEAM = P3BD6D8HQC;
				INFOPLIST_FILE = "Ghosting Connector/Info.plist";
				LD_RUNPATH_SEARCH_PATHS = (
					"$(inherited)",
					"@executable_path/Frameworks",
				);
				PRODUCT_BUNDLE_IDENTIFIER = "SqDev.Ghosting-Connector";
				PRODUCT_NAME = "$(TARGET_NAME)";
				SWIFT_VERSION = 5.0;
				TARGETED_DEVICE_FAMILY = "1,2";
			};
			name = Debug;
		};
		2741C6C42454BDC500EB4944 /* Release */ = {
			isa = XCBuildConfiguration;
			buildSettings = {
				ASSETCATALOG_COMPILER_APPICON_NAME = AppIcon;
				CODE_SIGN_STYLE = Automatic;
				DEVELOPMENT_TEAM = P3BD6D8HQC;
				INFOPLIST_FILE = "Ghosting Connector/Info.plist";
				LD_RUNPATH_SEARCH_PATHS = (
					"$(inherited)",
					"@executable_path/Frameworks",
				);
				PRODUCT_BUNDLE_IDENTIFIER = "SqDev.Ghosting-Connector";
				PRODUCT_NAME = "$(TARGET_NAME)";
				SWIFT_VERSION = 5.0;
				TARGETED_DEVICE_FAMILY = "1,2";
			};
			name = Release;
		};
/* End XCBuildConfiguration section */

/* Begin XCConfigurationList section */
		2741C6A62454BDC400EB4944 /* Build configuration list for PBXProject "Ghosting Connector" */ = {
			isa = XCConfigurationList;
			buildConfigurations = (
				2741C6C02454BDC500EB4944 /* Debug */,
				2741C6C12454BDC500EB4944 /* Release */,
			);
			defaultConfigurationIsVisible = 0;
			defaultConfigurationName = Release;
		};
		2741C6C22454BDC500EB4944 /* Build configuration list for PBXNativeTarget "Ghosting Connector" */ = {
			isa = XCConfigurationList;
			buildConfigurations = (
				2741C6C32454BDC500EB4944 /* Debug */,
				2741C6C42454BDC500EB4944 /* Release */,
			);
			defaultConfigurationIsVisible = 0;
			defaultConfigurationName = Release;
		};
/* End XCConfigurationList section */

/* Begin XCVersionGroup section */
		2741C6B72454BDC400EB4944 /* Ghosting_Connector.xcdatamodeld */ = {
			isa = XCVersionGroup;
			children = (
				2741C6B82454BDC400EB4944 /* Ghosting_Connector.xcdatamodel */,
			);
			currentVersion = 2741C6B82454BDC400EB4944 /* Ghosting_Connector.xcdatamodel */;
			path = Ghosting_Connector.xcdatamodeld;
			sourceTree = "<group>";
			versionGroupType = wrapper.xcdatamodel;
		};
/* End XCVersionGroup section */
	};
	rootObject = 2741C6A32454BDC400EB4944 /* Project object */;
}
